
Microsoft Visual Studio Solution File, Format Version 12.00
# Visual Studio 14
VisualStudioVersion = 14.0.25420.1
MinimumVisualStudioVersion = 10.0.40219.1
Project("{FAE04EC0-301F-11D3-BF4B-00C04F79EFBC}") = "SoccerHub", "SoccerHub\SoccerHub.csproj", "{BD499BD8-0B1D-473D-A432-5BF225E252F7}"
EndProject
Global
	GlobalSection(SolutionConfigurationPlatforms) = preSolution
		Debug|Any CPU = Debug|Any CPU
		Release|Any CPU = Release|Any CPU
	EndGlobalSection
	GlobalSection(ProjectConfigurationPlatforms) = postSolution
		{BD499BD8-0B1D-473D-A432-5BF225E252F7}.Debug|Any CPU.ActiveCfg = Debug|Any CPU
		{BD499BD8-0B1D-473D-A432-5BF225E252F7}.Debug|Any CPU.Build.0 = Debug|Any CPU
		{BD499BD8-0B1D-473D-A432-5BF225E252F7}.Release|Any CPU.ActiveCfg = Release|Any CPU
		{BD499BD8-0B1D-473D-A432-5BF225E252F7}.Release|Any CPU.Build.0 = Release|Any CPU
	EndGlobalSection
	GlobalSection(SolutionProperties) = preSolution
		HideSolutionNode = FALSE
	EndGlobalSection
EndGlobal
